{
  "requires": true,
  "lockfileVersion": 1,
  "dependencies": {
    "@pdftron/webviewer": {
      "version": "10.6.0",
      "resolved": "https://registry.npmjs.org/@pdftron/webviewer/-/webviewer-10.6.0.tgz",
      "integrity": "sha512-EjgmzyDuF75mxhYTlaBt6nc5jBM1gha4q82eow8xCIrCE/WCZ5ZJ6/sCf0NlL3dNwxvatp52z4gPgAa2Yv1ajA=="
    }
  }
}
